
Microsoft Visual Studio Solution File, Format Version 12.00
# Visual Studio Version 16
VisualStudioVersion = 16.0.30002.166
MinimumVisualStudioVersion = 10.0.40219.1
Project("{FAE04EC0-301F-11D3-BF4B-00C04F79EFBC}") = "ATM Console", "ATM Console\ATM Console.csproj", "{00A314F5-897C-4B80-8F5D-0C0FB9E3569C}"
EndProject
Global
	GlobalSection(SolutionConfigurationPlatforms) = preSolution
		Debug|Any CPU = Debug|Any CPU
		Release|Any CPU = Release|Any CPU
	EndGlobalSection
	GlobalSection(ProjectConfigurationPlatforms) = postSolution
		{00A314F5-897C-4B80-8F5D-0C0FB9E3569C}.Debug|Any CPU.ActiveCfg = Debug|Any CPU
		{00A314F5-897C-4B80-8F5D-0C0FB9E3569C}.Debug|Any CPU.Build.0 = Debug|Any CPU
		{00A314F5-897C-4B80-8F5D-0C0FB9E3569C}.Release|Any CPU.ActiveCfg = Release|Any CPU
		{00A314F5-897C-4B80-8F5D-0C0FB9E3569C}.Release|Any CPU.Build.0 = Release|Any CPU
	EndGlobalSection
	GlobalSection(SolutionProperties) = preSolution
		HideSolutionNode = FALSE
	EndGlobalSection
	GlobalSection(ExtensibilityGlobals) = postSolution
		SolutionGuid = {9B03B169-2150-469B-AA2B-F5C5DC71F560}
	EndGlobalSection
EndGlobal
